
Microsoft Visual Studio Solution File, Format Version 12.00
# Visual Studio Version 17
VisualStudioVersion = 17.4.33213.308
MinimumVisualStudioVersion = 10.0.40219.1
Project("{9A19103F-16F7-4668-BE54-9A1E7A4F7556}") = "Algorand2FAMultisig", "Algorand2FAMultisig\Algorand2FAMultisig.csproj", "{F0A21DCC-4325-460F-9F8E-C246BCEADF16}"
EndProject
Project("{9A19103F-16F7-4668-BE54-9A1E7A4F7556}") = "Algorand2FAMultisigTests", "Algorand2FAMultisigTests\Algorand2FAMultisigTests.csproj", "{E81F3AE7-DE49-4B2C-809F-A95AC8D771C2}"
EndProject
Global
	GlobalSection(SolutionConfigurationPlatforms) = preSolution
		Debug|Any CPU = Debug|Any CPU
		Release|Any CPU = Release|Any CPU
	EndGlobalSection
	GlobalSection(ProjectConfigurationPlatforms) = postSolution
		{F0A21DCC-4325-460F-9F8E-C246BCEADF16}.Debug|Any CPU.ActiveCfg = Debug|Any CPU
		{F0A21DCC-4325-460F-9F8E-C246BCEADF16}.Debug|Any CPU.Build.0 = Debug|Any CPU
		{F0A21DCC-4325-460F-9F8E-C246BCEADF16}.Release|Any CPU.ActiveCfg = Release|Any CPU
		{F0A21DCC-4325-460F-9F8E-C246BCEADF16}.Release|Any CPU.Build.0 = Release|Any CPU
		{E81F3AE7-DE49-4B2C-809F-A95AC8D771C2}.Debug|Any CPU.ActiveCfg = Debug|Any CPU
		{E81F3AE7-DE49-4B2C-809F-A95AC8D771C2}.Debug|Any CPU.Build.0 = Debug|Any CPU
		{E81F3AE7-DE49-4B2C-809F-A95AC8D771C2}.Release|Any CPU.ActiveCfg = Release|Any CPU
		{E81F3AE7-DE49-4B2C-809F-A95AC8D771C2}.Release|Any CPU.Build.0 = Release|Any CPU
	EndGlobalSection
	GlobalSection(SolutionProperties) = preSolution
		HideSolutionNode = FALSE
	EndGlobalSection
	GlobalSection(ExtensibilityGlobals) = postSolution
		SolutionGuid = {09EA5712-98BA-4962-A843-C0208DB0228D}
	EndGlobalSection
EndGlobal
